<?xml version="1.0" encoding="utf-8"?>
<Project ToolsVersion="4.0" xmlns="http://schemas.microsoft.com/developer/msbuild/2003">
  <ItemGroup>
    <Filter Include="源文件">
      <UniqueIdentifier>{4FC737F1-C7A5-4376-A066-2A32D752A2FF}</UniqueIdentifier>
      <Extensions>cpp;c;cc;cxx;c++;cppm;ixx;def;odl;idl;hpj;bat;asm;asmx</Extensions>
    </Filter>
    <Filter Include="头文件">
      <UniqueIdentifier>{93995380-89BD-4b04-88EB-625FBE52EBFB}</UniqueIdentifier>
      <Extensions>h;hh;hpp;hxx;h++;hm;inl;inc;ipp;xsd</Extensions>
    </Filter>
    <Filter Include="资源文件">
      <UniqueIdentifier>{67DA6AB6-F800-4c08-8B7A-83BB121AAD01}</UniqueIdentifier>
      <Extensions>rc;ico;cur;bmp;dlg;rc2;rct;bin;rgs;gif;jpg;jpeg;jpe;resx;tiff;tif;png;wav;mfcribbon-ms</Extensions>
    </Filter>
  </ItemGroup>
  <ItemGroup>
    <ClCompile Include="..\src\AcqSchedule.cpp">
      <Filter>源文件</Filter>
    </ClCompile>
    <ClCompile Include="..\src\AcqThread.cpp">
      <Filter>源文件</Filter>
    </ClCompile>
    <ClCompile Include="..\src\CameraFrames.cpp">
      <Filter>源文件</Filter>
    </ClCompile>
    <ClCompile Include="..\src\CameraVideo.cpp">
      <Filter>源文件</Filter>
    </ClCompile>
    <ClCompile Include="..\src\CameraWindows.cpp">
      <Filter>源文件</Filter>
    </ClCompile>
    <ClCompile Include="..\src\CfgLoader.cpp">
      <Filter>源文件</Filter>
    </ClCompile>
    <ClCompile Include="..\src\CfgParam.cpp">
      <Filter>源文件</Filter>
    </ClCompile>
    <ClCompile Include="..\src\Conversion.cpp">
      <Filter>源文件</Filter>
    </ClCompile>
    <ClCompile Include="..\src\DataPaths.cpp">
      <Filter>源文件</Filter>
    </ClCompile>
    <ClCompile Include="..\src\DetectionTemplate.cpp">
      <Filter>源文件</Filter>
    </ClCompile>
    <ClCompile Include="..\src\DetectionTemporal.cpp">
      <Filter>源文件</Filter>
    </ClCompile>
    <ClCompile Include="..\src\DetThread.cpp">
      <Filter>源文件</Filter>
    </ClCompile>
    <ClCompile Include="..\src\Device.cpp">
      <Filter>源文件</Filter>
    </ClCompile>
    <ClCompile Include="..\src\EParser.cpp">
      <Filter>源文件</Filter>
    </ClCompile>
    <ClCompile Include="..\src\Ephemeris.cpp">
      <Filter>源文件</Filter>
    </ClCompile>
    <ClCompile Include="..\src\ExposureControl.cpp">
      <Filter>源文件</Filter>
    </ClCompile>
    <ClCompile Include="..\src\Fits.cpp">
      <Filter>源文件</Filter>
    </ClCompile>
    <ClCompile Include="..\src\Fits2D.cpp">
      <Filter>源文件</Filter>
    </ClCompile>
    <ClCompile Include="..\src\Fits3D.cpp">
      <Filter>源文件</Filter>
    </ClCompile>
    <ClCompile Include="..\src\Frame.cpp">
      <Filter>源文件</Filter>
    </ClCompile>
    <ClCompile Include="..\src\GlobalEvent.cpp">
      <Filter>源文件</Filter>
    </ClCompile>
    <ClCompile Include="..\src\Histogram.cpp">
      <Filter>源文件</Filter>
    </ClCompile>
    <ClCompile Include="..\src\HistogramGray.cpp">
      <Filter>源文件</Filter>
    </ClCompile>
    <ClCompile Include="..\src\HistogramRGB.cpp">
      <Filter>源文件</Filter>
    </ClCompile>
    <ClCompile Include="..\src\ImgProcessing.cpp">
      <Filter>源文件</Filter>
    </ClCompile>
    <ClCompile Include="..\src\LocalEvent.cpp">
      <Filter>源文件</Filter>
    </ClCompile>
    <ClCompile Include="..\src\main.cpp">
      <Filter>源文件</Filter>
    </ClCompile>
    <ClCompile Include="..\src\Mask.cpp">
      <Filter>源文件</Filter>
    </ClCompile>
    <ClCompile Include="..\src\PixFmtConv.cpp">
      <Filter>源文件</Filter>
    </ClCompile>
    <ClCompile Include="..\src\SaveImg.cpp">
      <Filter>源文件</Filter>
    </ClCompile>
    <ClCompile Include="..\src\Stack.cpp">
      <Filter>源文件</Filter>
    </ClCompile>
    <ClCompile Include="..\src\StackThread.cpp">
      <Filter>源文件</Filter>
    </ClCompile>
    <ClCompile Include="..\src\TimeDate.cpp">
      <Filter>源文件</Filter>
    </ClCompile>
    <ClCompile Include="..\libs\date\tz.cpp">
      <Filter>源文件</Filter>
    </ClCompile>
  </ItemGroup>
</Project>